// !$*UTF8*$!
{
	archiveVersion = 1;
	classes = {
	};
	objectVersion = 56;
	objects = {

/* Begin PBXBuildFile section */
		A0A577912DDD33DE009EAF84 /* Model.swift in Sources */ = {isa = PBXBuildFile; fileRef = A0A577902DDD33DE009EAF84 /* Model.swift */; };
		A0A577932DDD33F9009EAF84 /* ViewModel.swift in Sources */ = {isa = PBXBuildFile; fileRef = A0A577922DDD33F9009EAF84 /* ViewModel.swift */; };
		C0156DF82DD6A0B500C7ACFA /* GenerativeAI-Info.plist in Resources */ = {isa = PBXBuildFile; fileRef = C0156DF72DD6A0B500C7ACFA /* GenerativeAI-Info.plist */; };
		C0156DFD2DD6A85600C7ACFA /* GeminiViewModel.swift in Sources */ = {isa = PBXBuildFile; fileRef = C0156DFC2DD6A85600C7ACFA /* GeminiViewModel.swift */; };
		C0AA4CD02DD544AF002693DB /* Projeto_FinalApp.swift in Sources */ = {isa = PBXBuildFile; fileRef = C0AA4CCF2DD544AF002693DB /* Projeto_FinalApp.swift */; };
		C0AA4CD22DD544AF002693DB /* ContentView.swift in Sources */ = {isa = PBXBuildFile; fileRef = C0AA4CD12DD544AF002693DB /* ContentView.swift */; };
		C0AA4CD42DD544B1002693DB /* Assets.xcassets in Resources */ = {isa = PBXBuildFile; fileRef = C0AA4CD32DD544B1002693DB /* Assets.xcassets */; };
		C0AA4CD72DD544B1002693DB /* Preview Assets.xcassets in Resources */ = {isa = PBXBuildFile; fileRef = C0AA4CD62DD544B1002693DB /* Preview Assets.xcassets */; };
		C0AA4CE12DD544B1002693DB /* Projeto_FinalTests.swift in Sources */ = {isa = PBXBuildFile; fileRef = C0AA4CE02DD544B1002693DB /* Projeto_FinalTests.swift */; };
		C0AA4CEB2DD544B1002693DB /* Projeto_FinalUITests.swift in Sources */ = {isa = PBXBuildFile; fileRef = C0AA4CEA2DD544B1002693DB /* Projeto_FinalUITests.swift */; };
		C0AA4CED2DD544B1002693DB /* Projeto_FinalUITestsLaunchTests.swift in Sources */ = {isa = PBXBuildFile; fileRef = C0AA4CEC2DD544B1002693DB /* Projeto_FinalUITestsLaunchTests.swift */; };
		C0AA4CFA2DD54920002693DB /* DicasView.swift in Sources */ = {isa = PBXBuildFile; fileRef = C0AA4CF92DD54920002693DB /* DicasView.swift */; };
		C0AA4CFC2DD549DC002693DB /* CalculoView.swift in Sources */ = {isa = PBXBuildFile; fileRef = C0AA4CFB2DD549DC002693DB /* CalculoView.swift */; };
		C0AA4CFE2DD54AE0002693DB /* HistoricoView.swift in Sources */ = {isa = PBXBuildFile; fileRef = C0AA4CFD2DD54AE0002693DB /* HistoricoView.swift */; };
		C0AA4D002DD553B3002693DB /* MonitorView.swift in Sources */ = {isa = PBXBuildFile; fileRef = C0AA4CFF2DD553B3002693DB /* MonitorView.swift */; };
/* End PBXBuildFile section */

/* Begin PBXContainerItemProxy section */
		C0AA4CDD2DD544B1002693DB /* PBXContainerItemProxy */ = {
			isa = PBXContainerItemProxy;
			containerPortal = C0AA4CC42DD544AF002693DB /* Project object */;
			proxyType = 1;
			remoteGlobalIDString = C0AA4CCB2DD544AF002693DB;
			remoteInfo = Projeto_Final;
		};
		C0AA4CE72DD544B1002693DB /* PBXContainerItemProxy */ = {
			isa = PBXContainerItemProxy;
			containerPortal = C0AA4CC42DD544AF002693DB /* Project object */;
			proxyType = 1;
			remoteGlobalIDString = C0AA4CCB2DD544AF002693DB;
			remoteInfo = Projeto_Final;
		};
/* End PBXContainerItemProxy section */

/* Begin PBXFileReference section */
		A0A577902DDD33DE009EAF84 /* Model.swift */ = {isa = PBXFileReference; lastKnownFileType = sourcecode.swift; path = Model.swift; sourceTree = "<group>"; };
		A0A577922DDD33F9009EAF84 /* ViewModel.swift */ = {isa = PBXFileReference; lastKnownFileType = sourcecode.swift; path = ViewModel.swift; sourceTree = "<group>"; };
		C0156DF72DD6A0B500C7ACFA /* GenerativeAI-Info.plist */ = {isa = PBXFileReference; lastKnownFileType = text.plist.xml; path = "GenerativeAI-Info.plist"; sourceTree = "<group>"; };
		C0156DFC2DD6A85600C7ACFA /* GeminiViewModel.swift */ = {isa = PBXFileReference; lastKnownFileType = sourcecode.swift; path = GeminiViewModel.swift; sourceTree = "<group>"; };
		C0AA4CCC2DD544AF002693DB /* Projeto_Final.app */ = {isa = PBXFileReference; explicitFileType = wrapper.application; includeInIndex = 0; path = Projeto_Final.app; sourceTree = BUILT_PRODUCTS_DIR; };
		C0AA4CCF2DD544AF002693DB /* Projeto_FinalApp.swift */ = {isa = PBXFileReference; lastKnownFileType = sourcecode.swift; path = Projeto_FinalApp.swift; sourceTree = "<group>"; };
		C0AA4CD12DD544AF002693DB /* ContentView.swift */ = {isa = PBXFileReference; lastKnownFileType = sourcecode.swift; path = ContentView.swift; sourceTree = "<group>"; };
		C0AA4CD32DD544B1002693DB /* Assets.xcassets */ = {isa = PBXFileReference; lastKnownFileType = folder.assetcatalog; path = Assets.xcassets; sourceTree = "<group>"; };
		C0AA4CD62DD544B1002693DB /* Preview Assets.xcassets */ = {isa = PBXFileReference; lastKnownFileType = folder.assetcatalog; path = "Preview Assets.xcassets"; sourceTree = "<group>"; };
		C0AA4CDC2DD544B1002693DB /* Projeto_FinalTests.xctest */ = {isa = PBXFileReference; explicitFileType = wrapper.cfbundle; includeInIndex = 0; path = Projeto_FinalTests.xctest; sourceTree = BUILT_PRODUCTS_DIR; };
		C0AA4CE02DD544B1002693DB /* Projeto_FinalTests.swift */ = {isa = PBXFileReference; lastKnownFileType = sourcecode.swift; path = Projeto_FinalTests.swift; sourceTree = "<group>"; };
		C0AA4CE62DD544B1002693DB /* Projeto_FinalUITests.xctest */ = {isa = PBXFileReference; explicitFileType = wrapper.cfbundle; includeInIndex = 0; path = Projeto_FinalUITests.xctest; sourceTree = BUILT_PRODUCTS_DIR; };
		C0AA4CEA2DD544B1002693DB /* Projeto_FinalUITests.swift */ = {isa = PBXFileReference; lastKnownFileType = sourcecode.swift; path = Projeto_FinalUITests.swift; sourceTree = "<group>"; };
		C0AA4CEC2DD544B1002693DB /* Projeto_FinalUITestsLaunchTests.swift */ = {isa = PBXFileReference; lastKnownFileType = sourcecode.swift; path = Projeto_FinalUITestsLaunchTests.swift; sourceTree = "<group>"; };
		C0AA4CF92DD54920002693DB /* DicasView.swift */ = {isa = PBXFileReference; lastKnownFileType = sourcecode.swift; path = DicasView.swift; sourceTree = "<group>"; };
		C0AA4CFB2DD549DC002693DB /* CalculoView.swift */ = {isa = PBXFileReference; lastKnownFileType = sourcecode.swift; path = CalculoView.swift; sourceTree = "<group>"; };
		C0AA4CFD2DD54AE0002693DB /* HistoricoView.swift */ = {isa = PBXFileReference; lastKnownFileType = sourcecode.swift; path = HistoricoView.swift; sourceTree = "<group>"; };
		C0AA4CFF2DD553B3002693DB /* MonitorView.swift */ = {isa = PBXFileReference; lastKnownFileType = sourcecode.swift; path = MonitorView.swift; sourceTree = "<group>"; };
/* End PBXFileReference section */

/* Begin PBXFrameworksBuildPhase section */
		C0AA4CC92DD544AF002693DB /* Frameworks */ = {
			isa = PBXFrameworksBuildPhase;
			buildActionMask = 2147483647;
			files = (
			);
			runOnlyForDeploymentPostprocessing = 0;
		};
		C0AA4CD92DD544B1002693DB /* Frameworks */ = {
			isa = PBXFrameworksBuildPhase;
			buildActionMask = 2147483647;
			files = (
			);
			runOnlyForDeploymentPostprocessing = 0;
		};
		C0AA4CE32DD544B1002693DB /* Frameworks */ = {
			isa = PBXFrameworksBuildPhase;
			buildActionMask = 2147483647;
			files = (
			);
			runOnlyForDeploymentPostprocessing = 0;
		};
/* End PBXFrameworksBuildPhase section */

/* Begin PBXGroup section */
		C0AA4CC32DD544AF002693DB = {
			isa = PBXGroup;
			children = (
				C0AA4CCE2DD544AF002693DB /* Projeto_Final */,
				C0AA4CDF2DD544B1002693DB /* Projeto_FinalTests */,
				C0AA4CE92DD544B1002693DB /* Projeto_FinalUITests */,
				C0AA4CCD2DD544AF002693DB /* Products */,
			);
			sourceTree = "<group>";
		};
		C0AA4CCD2DD544AF002693DB /* Products */ = {
			isa = PBXGroup;
			children = (
				C0AA4CCC2DD544AF002693DB /* Projeto_Final.app */,
				C0AA4CDC2DD544B1002693DB /* Projeto_FinalTests.xctest */,
				C0AA4CE62DD544B1002693DB /* Projeto_FinalUITests.xctest */,
			);
			name = Products;
			sourceTree = "<group>";
		};
		C0AA4CCE2DD544AF002693DB /* Projeto_Final */ = {
			isa = PBXGroup;
			children = (
				C0AA4CCF2DD544AF002693DB /* Projeto_FinalApp.swift */,
				C0AA4CD12DD544AF002693DB /* ContentView.swift */,
				C0AA4CFF2DD553B3002693DB /* MonitorView.swift */,
				C0AA4CFD2DD54AE0002693DB /* HistoricoView.swift */,
				C0156DF72DD6A0B500C7ACFA /* GenerativeAI-Info.plist */,
				C0AA4CFB2DD549DC002693DB /* CalculoView.swift */,
				C0AA4CF92DD54920002693DB /* DicasView.swift */,
				C0156DFC2DD6A85600C7ACFA /* GeminiViewModel.swift */,
				C0AA4CD32DD544B1002693DB /* Assets.xcassets */,
				C0AA4CD52DD544B1002693DB /* Preview Content */,
				A0A577902DDD33DE009EAF84 /* Model.swift */,
				A0A577922DDD33F9009EAF84 /* ViewModel.swift */,
			);
			path = Projeto_Final;
			sourceTree = "<group>";
		};
		C0AA4CD52DD544B1002693DB /* Preview Content */ = {
			isa = PBXGroup;
			children = (
				C0AA4CD62DD544B1002693DB /* Preview Assets.xcassets */,
			);
			path = "Preview Content";
			sourceTree = "<group>";
		};
		C0AA4CDF2DD544B1002693DB /* Projeto_FinalTests */ = {
			isa = PBXGroup;
			children = (
				C0AA4CE02DD544B1002693DB /* Projeto_FinalTests.swift */,
			);
			path = Projeto_FinalTests;
			sourceTree = "<group>";
		};
		C0AA4CE92DD544B1002693DB /* Projeto_FinalUITests */ = {
			isa = PBXGroup;
			children = (
				C0AA4CEA2DD544B1002693DB /* Projeto_FinalUITests.swift */,
				C0AA4CEC2DD544B1002693DB /* Projeto_FinalUITestsLaunchTests.swift */,
			);
			path = Projeto_FinalUITests;
			sourceTree = "<group>";
		};
/* End PBXGroup section */

/* Begin PBXNativeTarget section */
		C0AA4CCB2DD544AF002693DB /* Projeto_Final */ = {
			isa = PBXNativeTarget;
			buildConfigurationList = C0AA4CF02DD544B1002693DB /* Build configuration list for PBXNativeTarget "Projeto_Final" */;
			buildPhases = (
				C0AA4CC82DD544AF002693DB /* Sources */,
				C0AA4CC92DD544AF002693DB /* Frameworks */,
				C0AA4CCA2DD544AF002693DB /* Resources */,
			);
			buildRules = (
			);
			dependencies = (
			);
			name = Projeto_Final;
			productName = Projeto_Final;
			productReference = C0AA4CCC2DD544AF002693DB /* Projeto_Final.app */;
			productType = "com.apple.product-type.application";
		};
		C0AA4CDB2DD544B1002693DB /* Projeto_FinalTests */ = {
			isa = PBXNativeTarget;
			buildConfigurationList = C0AA4CF32DD544B1002693DB /* Build configuration list for PBXNativeTarget "Projeto_FinalTests" */;
			buildPhases = (
				C0AA4CD82DD544B1002693DB /* Sources */,
				C0AA4CD92DD544B1002693DB /* Frameworks */,
				C0AA4CDA2DD544B1002693DB /* Resources */,
			);
			buildRules = (
			);
			dependencies = (
				C0AA4CDE2DD544B1002693DB /* PBXTargetDependency */,
			);
			name = Projeto_FinalTests;
			productName = Projeto_FinalTests;
			productReference = C0AA4CDC2DD544B1002693DB /* Projeto_FinalTests.xctest */;
			productType = "com.apple.product-type.bundle.unit-test";
		};
		C0AA4CE52DD544B1002693DB /* Projeto_FinalUITests */ = {
			isa = PBXNativeTarget;
			buildConfigurationList = C0AA4CF62DD544B1002693DB /* Build configuration list for PBXNativeTarget "Projeto_FinalUITests" */;
			buildPhases = (
				C0AA4CE22DD544B1002693DB /* Sources */,
				C0AA4CE32DD544B1002693DB /* Frameworks */,
				C0AA4CE42DD544B1002693DB /* Resources */,
			);
			buildRules = (
			);
			dependencies = (
				C0AA4CE82DD544B1002693DB /* PBXTargetDependency */,
			);
			name = Projeto_FinalUITests;
			productName = Projeto_FinalUITests;
			productReference = C0AA4CE62DD544B1002693DB /* Projeto_FinalUITests.xctest */;
			productType = "com.apple.product-type.bundle.ui-testing";
		};
/* End PBXNativeTarget section */

/* Begin PBXProject section */
		C0AA4CC42DD544AF002693DB /* Project object */ = {
			isa = PBXProject;
			attributes = {
				BuildIndependentTargetsInParallel = 1;
				LastSwiftUpdateCheck = 1540;
				LastUpgradeCheck = 1540;
				TargetAttributes = {
					C0AA4CCB2DD544AF002693DB = {
						CreatedOnToolsVersion = 15.4;
					};
					C0AA4CDB2DD544B1002693DB = {
						CreatedOnToolsVersion = 15.4;
						TestTargetID = C0AA4CCB2DD544AF002693DB;
					};
					C0AA4CE52DD544B1002693DB = {
						CreatedOnToolsVersion = 15.4;
						TestTargetID = C0AA4CCB2DD544AF002693DB;
					};
				};
			};
			buildConfigurationList = C0AA4CC72DD544AF002693DB /* Build configuration list for PBXProject "Projeto_Final" */;
			compatibilityVersion = "Xcode 14.0";
			developmentRegion = en;
			hasScannedForEncodings = 0;
			knownRegions = (
				en,
				Base,
			);
			mainGroup = C0AA4CC32DD544AF002693DB;
			packageReferences = (
				C0156DFB2DD6A2A300C7ACFA /* XCRemoteSwiftPackageReference "generative-ai-swift" */,
			);
			productRefGroup = C0AA4CCD2DD544AF002693DB /* Products */;
			projectDirPath = "";
			projectRoot = "";
			targets = (
				C0AA4CCB2DD544AF002693DB /* Projeto_Final */,
				C0AA4CDB2DD544B1002693DB /* Projeto_FinalTests */,
				C0AA4CE52DD544B1002693DB /* Projeto_FinalUITests */,
			);
		};
/* End PBXProject section */

/* Begin PBXResourcesBuildPhase section */
		C0AA4CCA2DD544AF002693DB /* Resources */ = {
			isa = PBXResourcesBuildPhase;
			buildActionMask = 2147483647;
			files = (
				C0AA4CD72DD544B1002693DB /* Preview Assets.xcassets in Resources */,
				C0AA4CD42DD544B1002693DB /* Assets.xcassets in Resources */,
				C0156DF82DD6A0B500C7ACFA /* GenerativeAI-Info.plist in Resources */,
			);
			runOnlyForDeploymentPostprocessing = 0;
		};
		C0AA4CDA2DD544B1002693DB /* Resources */ = {
			isa = PBXResourcesBuildPhase;
			buildActionMask = 2147483647;
			files = (
			);
			runOnlyForDeploymentPostprocessing = 0;
		};
		C0AA4CE42DD544B1002693DB /* Resources */ = {
			isa = PBXResourcesBuildPhase;
			buildActionMask = 2147483647;
			files = (
			);
			runOnlyForDeploymentPostprocessing = 0;
		};
/* End PBXResourcesBuildPhase section */

/* Begin PBXSourcesBuildPhase section */
		C0AA4CC82DD544AF002693DB /* Sources */ = {
			isa = PBXSourcesBuildPhase;
			buildActionMask = 2147483647;
			files = (
				C0AA4CFA2DD54920002693DB /* DicasView.swift in Sources */,
				A0A577932DDD33F9009EAF84 /* ViewModel.swift in Sources */,
				C0AA4D002DD553B3002693DB /* MonitorView.swift in Sources */,
				C0AA4CFE2DD54AE0002693DB /* HistoricoView.swift in Sources */,
				C0AA4CD22DD544AF002693DB /* ContentView.swift in Sources */,
				C0AA4CFC2DD549DC002693DB /* CalculoView.swift in Sources */,
				C0156DFD2DD6A85600C7ACFA /* GeminiViewModel.swift in Sources */,
				C0AA4CD02DD544AF002693DB /* Projeto_FinalApp.swift in Sources */,
				A0A577912DDD33DE009EAF84 /* Model.swift in Sources */,
			);
			runOnlyForDeploymentPostprocessing = 0;
		};
		C0AA4CD82DD544B1002693DB /* Sources */ = {
			isa = PBXSourcesBuildPhase;
			buildActionMask = 2147483647;
			files = (
				C0AA4CE12DD544B1002693DB /* Projeto_FinalTests.swift in Sources */,
			);
			runOnlyForDeploymentPostprocessing = 0;
		};
		C0AA4CE22DD544B1002693DB /* Sources */ = {
			isa = PBXSourcesBuildPhase;
			buildActionMask = 2147483647;
			files = (
				C0AA4CEB2DD544B1002693DB /* Projeto_FinalUITests.swift in Sources */,
				C0AA4CED2DD544B1002693DB /* Projeto_FinalUITestsLaunchTests.swift in Sources */,
			);
			runOnlyForDeploymentPostprocessing = 0;
		};
/* End PBXSourcesBuildPhase section */

/* Begin PBXTargetDependency section */
		C0AA4CDE2DD544B1002693DB /* PBXTargetDependency */ = {
			isa = PBXTargetDependency;
			target = C0AA4CCB2DD544AF002693DB /* Projeto_Final */;
			targetProxy = C0AA4CDD2DD544B1002693DB /* PBXContainerItemProxy */;
		};
		C0AA4CE82DD544B1002693DB /* PBXTargetDependency */ = {
			isa = PBXTargetDependency;
			target = C0AA4CCB2DD544AF002693DB /* Projeto_Final */;
			targetProxy = C0AA4CE72DD544B1002693DB /* PBXContainerItemProxy */;
		};
/* End PBXTargetDependency section */

/* Begin XCBuildConfiguration section */
		C0AA4CEE2DD544B1002693DB /* Debug */ = {
			isa = XCBuildConfiguration;
			buildSettings = {
				ALWAYS_SEARCH_USER_PATHS = NO;
				ASSETCATALOG_COMPILER_GENERATE_SWIFT_ASSET_SYMBOL_EXTENSIONS = YES;
				CLANG_ANALYZER_NONNULL = YES;
				CLANG_ANALYZER_NUMBER_OBJECT_CONVERSION = YES_AGGRESSIVE;
				CLANG_CXX_LANGUAGE_STANDARD = "gnu++20";
				CLANG_ENABLE_MODULES = YES;
				CLANG_ENABLE_OBJC_ARC = YES;
				CLANG_ENABLE_OBJC_WEAK = YES;
				CLANG_WARN_BLOCK_CAPTURE_AUTORELEASING = YES;
				CLANG_WARN_BOOL_CONVERSION = YES;
				CLANG_WARN_COMMA = YES;
				CLANG_WARN_CONSTANT_CONVERSION = YES;
				CLANG_WARN_DEPRECATED_OBJC_IMPLEMENTATIONS = YES;
				CLANG_WARN_DIRECT_OBJC_ISA_USAGE = YES_ERROR;
				CLANG_WARN_DOCUMENTATION_COMMENTS = YES;
				CLANG_WARN_EMPTY_BODY = YES;
				CLANG_WARN_ENUM_CONVERSION = YES;
				CLANG_WARN_INFINITE_RECURSION = YES;
				CLANG_WARN_INT_CONVERSION = YES;
				CLANG_WARN_NON_LITERAL_NULL_CONVERSION = YES;
				CLANG_WARN_OBJC_IMPLICIT_RETAIN_SELF = YES;
				CLANG_WARN_OBJC_LITERAL_CONVERSION = YES;
				CLANG_WARN_OBJC_ROOT_CLASS = YES_ERROR;
				CLANG_WARN_QUOTED_INCLUDE_IN_FRAMEWORK_HEADER = YES;
				CLANG_WARN_RANGE_LOOP_ANALYSIS = YES;
				CLANG_WARN_STRICT_PROTOTYPES = YES;
				CLANG_WARN_SUSPICIOUS_MOVE = YES;
				CLANG_WARN_UNGUARDED_AVAILABILITY = YES_AGGRESSIVE;
				CLANG_WARN_UNREACHABLE_CODE = YES;
				CLANG_WARN__DUPLICATE_METHOD_MATCH = YES;
				COPY_PHASE_STRIP = NO;
				DEBUG_INFORMATION_FORMAT = dwarf;
				ENABLE_STRICT_OBJC_MSGSEND = YES;
				ENABLE_TESTABILITY = YES;
				ENABLE_USER_SCRIPT_SANDBOXING = YES;
				GCC_C_LANGUAGE_STANDARD = gnu17;
				GCC_DYNAMIC_NO_PIC = NO;
				GCC_NO_COMMON_BLOCKS = YES;
				GCC_OPTIMIZATION_LEVEL = 0;
				GCC_PREPROCESSOR_DEFINITIONS = (
					"DEBUG=1",
					"$(inherited)",
				);
				GCC_WARN_64_TO_32_BIT_CONVERSION = YES;
				GCC_WARN_ABOUT_RETURN_TYPE = YES_ERROR;
				GCC_WARN_UNDECLARED_SELECTOR = YES;
				GCC_WARN_UNINITIALIZED_AUTOS = YES_AGGRESSIVE;
				GCC_WARN_UNUSED_FUNCTION = YES;
				GCC_WARN_UNUSED_VARIABLE = YES;
				IPHONEOS_DEPLOYMENT_TARGET = 17.5;
				LOCALIZATION_PREFERS_STRING_CATALOGS = YES;
				MTL_ENABLE_DEBUG_INFO = INCLUDE_SOURCE;
				MTL_FAST_MATH = YES;
				ONLY_ACTIVE_ARCH = YES;
				SDKROOT = iphoneos;
				SWIFT_ACTIVE_COMPILATION_CONDITIONS = "DEBUG $(inherited)";
				SWIFT_OPTIMIZATION_LEVEL = "-Onone";
			};
			name = Debug;
		};
		C0AA4CEF2DD544B1002693DB /* Release */ = {
			isa = XCBuildConfiguration;
			buildSettings = {
				ALWAYS_SEARCH_USER_PATHS = NO;
				ASSETCATALOG_COMPILER_GENERATE_SWIFT_ASSET_SYMBOL_EXTENSIONS = YES;
				CLANG_ANALYZER_NONNULL = YES;
				CLANG_ANALYZER_NUMBER_OBJECT_CONVERSION = YES_AGGRESSIVE;
				CLANG_CXX_LANGUAGE_STANDARD = "gnu++20";
				CLANG_ENABLE_MODULES = YES;
				CLANG_ENABLE_OBJC_ARC = YES;
				CLANG_ENABLE_OBJC_WEAK = YES;
				CLANG_WARN_BLOCK_CAPTURE_AUTORELEASING = YES;
				CLANG_WARN_BOOL_CONVERSION = YES;
				CLANG_WARN_COMMA = YES;
				CLANG_WARN_CONSTANT_CONVERSION = YES;
				CLANG_WARN_DEPRECATED_OBJC_IMPLEMENTATIONS = YES;
				CLANG_WARN_DIRECT_OBJC_ISA_USAGE = YES_ERROR;
				CLANG_WARN_DOCUMENTATION_COMMENTS = YES;
				CLANG_WARN_EMPTY_BODY = YES;
				CLANG_WARN_ENUM_CONVERSION = YES;
				CLANG_WARN_INFINITE_RECURSION = YES;
				CLANG_WARN_INT_CONVERSION = YES;
				CLANG_WARN_NON_LITERAL_NULL_CONVERSION = YES;
				CLANG_WARN_OBJC_IMPLICIT_RETAIN_SELF = YES;
				CLANG_WARN_OBJC_LITERAL_CONVERSION = YES;
				CLANG_WARN_OBJC_ROOT_CLASS = YES_ERROR;
				CLANG_WARN_QUOTED_INCLUDE_IN_FRAMEWORK_HEADER = YES;
				CLANG_WARN_RANGE_LOOP_ANALYSIS = YES;
				CLANG_WARN_STRICT_PROTOTYPES = YES;
				CLANG_WARN_SUSPICIOUS_MOVE = YES;
				CLANG_WARN_UNGUARDED_AVAILABILITY = YES_AGGRESSIVE;
				CLANG_WARN_UNREACHABLE_CODE = YES;
				CLANG_WARN__DUPLICATE_METHOD_MATCH = YES;
				COPY_PHASE_STRIP = NO;
				DEBUG_INFORMATION_FORMAT = "dwarf-with-dsym";
				ENABLE_NS_ASSERTIONS = NO;
				ENABLE_STRICT_OBJC_MSGSEND = YES;
				ENABLE_USER_SCRIPT_SANDBOXING = YES;
				GCC_C_LANGUAGE_STANDARD = gnu17;
				GCC_NO_COMMON_BLOCKS = YES;
				GCC_WARN_64_TO_32_BIT_CONVERSION = YES;
				GCC_WARN_ABOUT_RETURN_TYPE = YES_ERROR;
				GCC_WARN_UNDECLARED_SELECTOR = YES;
				GCC_WARN_UNINITIALIZED_AUTOS = YES_AGGRESSIVE;
				GCC_WARN_UNUSED_FUNCTION = YES;
				GCC_WARN_UNUSED_VARIABLE = YES;
				IPHONEOS_DEPLOYMENT_TARGET = 17.5;
				LOCALIZATION_PREFERS_STRING_CATALOGS = YES;
				MTL_ENABLE_DEBUG_INFO = NO;
				MTL_FAST_MATH = YES;
				SDKROOT = iphoneos;
				SWIFT_COMPILATION_MODE = wholemodule;
				VALIDATE_PRODUCT = YES;
			};
			name = Release;
		};
		C0AA4CF12DD544B1002693DB /* Debug */ = {
			isa = XCBuildConfiguration;
			buildSettings = {
				ASSETCATALOG_COMPILER_APPICON_NAME = AppIcon;
				ASSETCATALOG_COMPILER_GLOBAL_ACCENT_COLOR_NAME = AccentColor;
				CODE_SIGN_STYLE = Automatic;
				CURRENT_PROJECT_VERSION = 1;
				DEVELOPMENT_ASSET_PATHS = "\"Projeto_Final/Preview Content\"";
				DEVELOPMENT_TEAM = 383QX73JX9;
				ENABLE_PREVIEWS = YES;
				GENERATE_INFOPLIST_FILE = YES;
				INFOPLIST_KEY_UIApplicationSceneManifest_Generation = YES;
				INFOPLIST_KEY_UIApplicationSupportsIndirectInputEvents = YES;
				INFOPLIST_KEY_UILaunchScreen_Generation = YES;
				INFOPLIST_KEY_UISupportedInterfaceOrientations_iPad = "UIInterfaceOrientationPortrait UIInterfaceOrientationPortraitUpsideDown UIInterfaceOrientationLandscapeLeft UIInterfaceOrientationLandscapeRight";
				INFOPLIST_KEY_UISupportedInterfaceOrientations_iPhone = "UIInterfaceOrientationPortrait UIInterfaceOrientationLandscapeLeft UIInterfaceOrientationLandscapeRight";
				LD_RUNPATH_SEARCH_PATHS = (
					"$(inherited)",
					"@executable_path/Frameworks",
				);
				MARKETING_VERSION = 1.0;
				PRODUCT_BUNDLE_IDENTIFIER = "Mariana-Terol.Projeto-Final";
				PRODUCT_NAME = "$(TARGET_NAME)";
				SWIFT_EMIT_LOC_STRINGS = YES;
				SWIFT_VERSION = 5.0;
				TARGETED_DEVICE_FAMILY = "1,2";
			};
			name = Debug;
		};
		C0AA4CF22DD544B1002693DB /* Release */ = {
			isa = XCBuildConfiguration;
			buildSettings = {
				ASSETCATALOG_COMPILER_APPICON_NAME = AppIcon;
				ASSETCATALOG_COMPILER_GLOBAL_ACCENT_COLOR_NAME = AccentColor;
				CODE_SIGN_STYLE = Automatic;
				CURRENT_PROJECT_VERSION = 1;
				DEVELOPMENT_ASSET_PATHS = "\"Projeto_Final/Preview Content\"";
				DEVELOPMENT_TEAM = 383QX73JX9;
				ENABLE_PREVIEWS = YES;
				GENERATE_INFOPLIST_FILE = YES;
				INFOPLIST_KEY_UIApplicationSceneManifest_Generation = YES;
				INFOPLIST_KEY_UIApplicationSupportsIndirectInputEvents = YES;
				INFOPLIST_KEY_UILaunchScreen_Generation = YES;
				INFOPLIST_KEY_UISupportedInterfaceOrientations_iPad = "UIInterfaceOrientationPortrait UIInterfaceOrientationPortraitUpsideDown UIInterfaceOrientationLandscapeLeft UIInterfaceOrientationLandscapeRight";
				INFOPLIST_KEY_UISupportedInterfaceOrientations_iPhone = "UIInterfaceOrientationPortrait UIInterfaceOrientationLandscapeLeft UIInterfaceOrientationLandscapeRight";
				LD_RUNPATH_SEARCH_PATHS = (
					"$(inherited)",
					"@executable_path/Frameworks",
				);
				MARKETING_VERSION = 1.0;
				PRODUCT_BUNDLE_IDENTIFIER = "Mariana-Terol.Projeto-Final";
				PRODUCT_NAME = "$(TARGET_NAME)";
				SWIFT_EMIT_LOC_STRINGS = YES;
				SWIFT_VERSION = 5.0;
				TARGETED_DEVICE_FAMILY = "1,2";
			};
			name = Release;
		};
		C0AA4CF42DD544B1002693DB /* Debug */ = {
			isa = XCBuildConfiguration;
			buildSettings = {
				ALWAYS_EMBED_SWIFT_STANDARD_LIBRARIES = YES;
				BUNDLE_LOADER = "$(TEST_HOST)";
				CODE_SIGN_STYLE = Automatic;
				CURRENT_PROJECT_VERSION = 1;
				GENERATE_INFOPLIST_FILE = YES;
				IPHONEOS_DEPLOYMENT_TARGET = 17.5;
				MARKETING_VERSION = 1.0;
				PRODUCT_BUNDLE_IDENTIFIER = "Mariana-Terol.Projeto-FinalTests";
				PRODUCT_NAME = "$(TARGET_NAME)";
				SWIFT_EMIT_LOC_STRINGS = NO;
				SWIFT_VERSION = 5.0;
				TARGETED_DEVICE_FAMILY = "1,2";
				TEST_HOST = "$(BUILT_PRODUCTS_DIR)/Projeto_Final.app/$(BUNDLE_EXECUTABLE_FOLDER_PATH)/Projeto_Final";
			};
			name = Debug;
		};
		C0AA4CF52DD544B1002693DB /* Release */ = {
			isa = XCBuildConfiguration;
			buildSettings = {
				ALWAYS_EMBED_SWIFT_STANDARD_LIBRARIES = YES;
				BUNDLE_LOADER = "$(TEST_HOST)";
				CODE_SIGN_STYLE = Automatic;
				CURRENT_PROJECT_VERSION = 1;
				GENERATE_INFOPLIST_FILE = YES;
				IPHONEOS_DEPLOYMENT_TARGET = 17.5;
				MARKETING_VERSION = 1.0;
				PRODUCT_BUNDLE_IDENTIFIER = "Mariana-Terol.Projeto-FinalTests";
				PRODUCT_NAME = "$(TARGET_NAME)";
				SWIFT_EMIT_LOC_STRINGS = NO;
				SWIFT_VERSION = 5.0;
				TARGETED_DEVICE_FAMILY = "1,2";
				TEST_HOST = "$(BUILT_PRODUCTS_DIR)/Projeto_Final.app/$(BUNDLE_EXECUTABLE_FOLDER_PATH)/Projeto_Final";
			};
			name = Release;
		};
		C0AA4CF72DD544B1002693DB /* Debug */ = {
			isa = XCBuildConfiguration;
			buildSettings = {
				ALWAYS_EMBED_SWIFT_STANDARD_LIBRARIES = YES;
				CODE_SIGN_STYLE = Automatic;
				CURRENT_PROJECT_VERSION = 1;
				GENERATE_INFOPLIST_FILE = YES;
				MARKETING_VERSION = 1.0;
				PRODUCT_BUNDLE_IDENTIFIER = "Mariana-Terol.Projeto-FinalUITests";
				PRODUCT_NAME = "$(TARGET_NAME)";
				SWIFT_EMIT_LOC_STRINGS = NO;
				SWIFT_VERSION = 5.0;
				TARGETED_DEVICE_FAMILY = "1,2";
				TEST_TARGET_NAME = Projeto_Final;
			};
			name = Debug;
		};
		C0AA4CF82DD544B1002693DB /* Release */ = {
			isa = XCBuildConfiguration;
			buildSettings = {
				ALWAYS_EMBED_SWIFT_STANDARD_LIBRARIES = YES;
				CODE_SIGN_STYLE = Automatic;
				CURRENT_PROJECT_VERSION = 1;
				GENERATE_INFOPLIST_FILE = YES;
				MARKETING_VERSION = 1.0;
				PRODUCT_BUNDLE_IDENTIFIER = "Mariana-Terol.Projeto-FinalUITests";
				PRODUCT_NAME = "$(TARGET_NAME)";
				SWIFT_EMIT_LOC_STRINGS = NO;
				SWIFT_VERSION = 5.0;
				TARGETED_DEVICE_FAMILY = "1,2";
				TEST_TARGET_NAME = Projeto_Final;
			};
			name = Release;
		};
/* End XCBuildConfiguration section */

/* Begin XCConfigurationList section */
		C0AA4CC72DD544AF002693DB /* Build configuration list for PBXProject "Projeto_Final" */ = {
			isa = XCConfigurationList;
			buildConfigurations = (
				C0AA4CEE2DD544B1002693DB /* Debug */,
				C0AA4CEF2DD544B1002693DB /* Release */,
			);
			defaultConfigurationIsVisible = 0;
			defaultConfigurationName = Release;
		};
		C0AA4CF02DD544B1002693DB /* Build configuration list for PBXNativeTarget "Projeto_Final" */ = {
			isa = XCConfigurationList;
			buildConfigurations = (
				C0AA4CF12DD544B1002693DB /* Debug */,
				C0AA4CF22DD544B1002693DB /* Release */,
			);
			defaultConfigurationIsVisible = 0;
			defaultConfigurationName = Release;
		};
		C0AA4CF32DD544B1002693DB /* Build configuration list for PBXNativeTarget "Projeto_FinalTests" */ = {
			isa = XCConfigurationList;
			buildConfigurations = (
				C0AA4CF42DD544B1002693DB /* Debug */,
				C0AA4CF52DD544B1002693DB /* Release */,
			);
			defaultConfigurationIsVisible = 0;
			defaultConfigurationName = Release;
		};
		C0AA4CF62DD544B1002693DB /* Build configuration list for PBXNativeTarget "Projeto_FinalUITests" */ = {
			isa = XCConfigurationList;
			buildConfigurations = (
				C0AA4CF72DD544B1002693DB /* Debug */,
				C0AA4CF82DD544B1002693DB /* Release */,
			);
			defaultConfigurationIsVisible = 0;
			defaultConfigurationName = Release;
		};
/* End XCConfigurationList section */

/* Begin XCRemoteSwiftPackageReference section */
		C0156DFB2DD6A2A300C7ACFA /* XCRemoteSwiftPackageReference "generative-ai-swift" */ = {
			isa = XCRemoteSwiftPackageReference;
			repositoryURL = "https://github.com/google/generative-ai-swift";
			requirement = {
				kind = upToNextMajorVersion;
				minimumVersion = 0.5.6;
			};
		};
/* End XCRemoteSwiftPackageReference section */
	};
	rootObject = C0AA4CC42DD544AF002693DB /* Project object */;
}
